
Microsoft Visual Studio Solution File, Format Version 12.00
# Visual Studio Version 17
VisualStudioVersion = 17.14.36811.4 d17.14
MinimumVisualStudioVersion = 10.0.40219.1
Project("{FAE04EC0-301F-11D3-BF4B-00C04F79EFBC}") = "BookwormsOnline", "BookwormsOnline\BookwormsOnline.csproj", "{9147D3C4-E95D-426A-AF9D-B2745452C583}"
EndProject
Global
	GlobalSection(SolutionConfigurationPlatforms) = preSolution
		Debug|Any CPU = Debug|Any CPU
		Release|Any CPU = Release|Any CPU
	EndGlobalSection
	GlobalSection(ProjectConfigurationPlatforms) = postSolution
		{9147D3C4-E95D-426A-AF9D-B2745452C583}.Debug|Any CPU.ActiveCfg = Debug|Any CPU
		{9147D3C4-E95D-426A-AF9D-B2745452C583}.Debug|Any CPU.Build.0 = Debug|Any CPU
		{9147D3C4-E95D-426A-AF9D-B2745452C583}.Release|Any CPU.ActiveCfg = Release|Any CPU
		{9147D3C4-E95D-426A-AF9D-B2745452C583}.Release|Any CPU.Build.0 = Release|Any CPU
	EndGlobalSection
	GlobalSection(SolutionProperties) = preSolution
		HideSolutionNode = FALSE
	EndGlobalSection
	GlobalSection(ExtensibilityGlobals) = postSolution
		SolutionGuid = {27FB5B8C-014A-4829-B812-33502386BE6B}
	EndGlobalSection
EndGlobal
